
Microsoft Visual Studio Solution File, Format Version 12.00
# Visual Studio 15
VisualStudioVersion = 15.0.28307.329
MinimumVisualStudioVersion = 10.0.40219.1
Project("{8BC9CEB8-8B4A-11D0-8D11-00A0C91BC942}") = "001.ScoreSort", "001.ScoreSort\001.ScoreSort.vcxproj", "{9806D0FC-39E5-409E-A755-71307944747A}"
EndProject
Project("{8BC9CEB8-8B4A-11D0-8D11-00A0C91BC942}") = "002.FactorsCounter", "002.FactorsCounter\002.FactorsCounter.vcxproj", "{D05DC99B-55E9-4AAB-AB39-64934F4F71C7}"
EndProject
Project("{8BC9CEB8-8B4A-11D0-8D11-00A0C91BC942}") = "003.ProxySwichTimes", "003.ProxySwichTimes\003.ProxySwichTimes.vcxproj", "{6205511A-0266-4328-B70E-A149F4BBAD5B}"
EndProject
Project("{8BC9CEB8-8B4A-11D0-8D11-00A0C91BC942}") = "004.StringReverse", "004.StringReverse\004.StringReverse.vcxproj", "{FAACE79A-00E3-4DCA-98FF-F1732C3B2D9C}"
EndProject
Project("{8BC9CEB8-8B4A-11D0-8D11-00A0C91BC942}") = "005.T9Input", "005.T9Input\005.T9Input.vcxproj", "{90D45816-4A72-47F1-B5E7-C3068562871F}"
EndProject
Project("{8BC9CEB8-8B4A-11D0-8D11-00A0C91BC942}") = "006.PrimeFactorsCounter", "006.PrimeFactorsCounter\006.PrimeFactorsCounter.vcxproj", "{FEBFBA5D-7129-4A34-9E61-137C2CBECBA8}"
EndProject
Global
	GlobalSection(SolutionConfigurationPlatforms) = preSolution
		Debug|x64 = Debug|x64
		Debug|x86 = Debug|x86
		Release|x64 = Release|x64
		Release|x86 = Release|x86
	EndGlobalSection
	GlobalSection(ProjectConfigurationPlatforms) = postSolution
		{9806D0FC-39E5-409E-A755-71307944747A}.Debug|x64.ActiveCfg = Debug|x64
		{9806D0FC-39E5-409E-A755-71307944747A}.Debug|x64.Build.0 = Debug|x64
		{9806D0FC-39E5-409E-A755-71307944747A}.Debug|x86.ActiveCfg = Debug|Win32
		{9806D0FC-39E5-409E-A755-71307944747A}.Debug|x86.Build.0 = Debug|Win32
		{9806D0FC-39E5-409E-A755-71307944747A}.Release|x64.ActiveCfg = Release|x64
		{9806D0FC-39E5-409E-A755-71307944747A}.Release|x64.Build.0 = Release|x64
		{9806D0FC-39E5-409E-A755-71307944747A}.Release|x86.ActiveCfg = Release|Win32
		{9806D0FC-39E5-409E-A755-71307944747A}.Release|x86.Build.0 = Release|Win32
		{D05DC99B-55E9-4AAB-AB39-64934F4F71C7}.Debug|x64.ActiveCfg = Debug|x64
		{D05DC99B-55E9-4AAB-AB39-64934F4F71C7}.Debug|x64.Build.0 = Debug|x64
		{D05DC99B-55E9-4AAB-AB39-64934F4F71C7}.Debug|x86.ActiveCfg = Debug|Win32
		{D05DC99B-55E9-4AAB-AB39-64934F4F71C7}.Debug|x86.Build.0 = Debug|Win32
		{D05DC99B-55E9-4AAB-AB39-64934F4F71C7}.Release|x64.ActiveCfg = Release|x64
		{D05DC99B-55E9-4AAB-AB39-64934F4F71C7}.Release|x64.Build.0 = Release|x64
		{D05DC99B-55E9-4AAB-AB39-64934F4F71C7}.Release|x86.ActiveCfg = Release|Win32
		{D05DC99B-55E9-4AAB-AB39-64934F4F71C7}.Release|x86.Build.0 = Release|Win32
		{6205511A-0266-4328-B70E-A149F4BBAD5B}.Debug|x64.ActiveCfg = Debug|x64
		{6205511A-0266-4328-B70E-A149F4BBAD5B}.Debug|x64.Build.0 = Debug|x64
		{6205511A-0266-4328-B70E-A149F4BBAD5B}.Debug|x86.ActiveCfg = Debug|Win32
		{6205511A-0266-4328-B70E-A149F4BBAD5B}.Debug|x86.Build.0 = Debug|Win32
		{6205511A-0266-4328-B70E-A149F4BBAD5B}.Release|x64.ActiveCfg = Release|x64
		{6205511A-0266-4328-B70E-A149F4BBAD5B}.Release|x64.Build.0 = Release|x64
		{6205511A-0266-4328-B70E-A149F4BBAD5B}.Release|x86.ActiveCfg = Release|Win32
		{6205511A-0266-4328-B70E-A149F4BBAD5B}.Release|x86.Build.0 = Release|Win32
		{FAACE79A-00E3-4DCA-98FF-F1732C3B2D9C}.Debug|x64.ActiveCfg = Debug|x64
		{FAACE79A-00E3-4DCA-98FF-F1732C3B2D9C}.Debug|x64.Build.0 = Debug|x64
		{FAACE79A-00E3-4DCA-98FF-F1732C3B2D9C}.Debug|x86.ActiveCfg = Debug|Win32
		{FAACE79A-00E3-4DCA-98FF-F1732C3B2D9C}.Debug|x86.Build.0 = Debug|Win32
		{FAACE79A-00E3-4DCA-98FF-F1732C3B2D9C}.Release|x64.ActiveCfg = Release|x64
		{FAACE79A-00E3-4DCA-98FF-F1732C3B2D9C}.Release|x64.Build.0 = Release|x64
		{FAACE79A-00E3-4DCA-98FF-F1732C3B2D9C}.Release|x86.ActiveCfg = Release|Win32
		{FAACE79A-00E3-4DCA-98FF-F1732C3B2D9C}.Release|x86.Build.0 = Release|Win32
		{90D45816-4A72-47F1-B5E7-C3068562871F}.Debug|x64.ActiveCfg = Debug|x64
		{90D45816-4A72-47F1-B5E7-C3068562871F}.Debug|x64.Build.0 = Debug|x64
		{90D45816-4A72-47F1-B5E7-C3068562871F}.Debug|x86.ActiveCfg = Debug|Win32
		{90D45816-4A72-47F1-B5E7-C3068562871F}.Debug|x86.Build.0 = Debug|Win32
		{90D45816-4A72-47F1-B5E7-C3068562871F}.Release|x64.ActiveCfg = Release|x64
		{90D45816-4A72-47F1-B5E7-C3068562871F}.Release|x64.Build.0 = Release|x64
		{90D45816-4A72-47F1-B5E7-C3068562871F}.Release|x86.ActiveCfg = Release|Win32
		{90D45816-4A72-47F1-B5E7-C3068562871F}.Release|x86.Build.0 = Release|Win32
		{FEBFBA5D-7129-4A34-9E61-137C2CBECBA8}.Debug|x64.ActiveCfg = Debug|x64
		{FEBFBA5D-7129-4A34-9E61-137C2CBECBA8}.Debug|x64.Build.0 = Debug|x64
		{FEBFBA5D-7129-4A34-9E61-137C2CBECBA8}.Debug|x86.ActiveCfg = Debug|Win32
		{FEBFBA5D-7129-4A34-9E61-137C2CBECBA8}.Debug|x86.Build.0 = Debug|Win32
		{FEBFBA5D-7129-4A34-9E61-137C2CBECBA8}.Release|x64.ActiveCfg = Release|x64
		{FEBFBA5D-7129-4A34-9E61-137C2CBECBA8}.Release|x64.Build.0 = Release|x64
		{FEBFBA5D-7129-4A34-9E61-137C2CBECBA8}.Release|x86.ActiveCfg = Release|Win32
		{FEBFBA5D-7129-4A34-9E61-137C2CBECBA8}.Release|x86.Build.0 = Release|Win32
	EndGlobalSection
	GlobalSection(SolutionProperties) = preSolution
		HideSolutionNode = FALSE
	EndGlobalSection
	GlobalSection(ExtensibilityGlobals) = postSolution
		SolutionGuid = {D6C1A2E9-68D7-42DF-905E-6892B37EA3DE}
	EndGlobalSection
EndGlobal
